// !$*UTF8*$!
{
	archiveVersion = 1;
	classes = {
	};
	objectVersion = 50;
	objects = {

/* Begin PBXBuildFile section */
		192F42C427CBA8BB00DC06C3 /* RootCoordinator.swift in Sources */ = {isa = PBXBuildFile; fileRef = 192F42C327CBA8BB00DC06C3 /* RootCoordinator.swift */; };
		192F42C727CBC5E900DC06C3 /* Consts.swift in Sources */ = {isa = PBXBuildFile; fileRef = 192F42C627CBC5E900DC06C3 /* Consts.swift */; };
		198C3C8127C9150D0043D768 /* AppDelegate.swift in Sources */ = {isa = PBXBuildFile; fileRef = 198C3C8027C9150D0043D768 /* AppDelegate.swift */; };
		198C3C8827C9150D0043D768 /* Main.storyboard in Resources */ = {isa = PBXBuildFile; fileRef = 198C3C8627C9150D0043D768 /* Main.storyboard */; };
		198C3C8A27C9150E0043D768 /* Assets.xcassets in Resources */ = {isa = PBXBuildFile; fileRef = 198C3C8927C9150E0043D768 /* Assets.xcassets */; };
		198C3C8D27C9150E0043D768 /* LaunchScreen.storyboard in Resources */ = {isa = PBXBuildFile; fileRef = 198C3C8B27C9150E0043D768 /* LaunchScreen.storyboard */; };
		198C3C9C27C91C3F0043D768 /* MainCoordinator.swift in Sources */ = {isa = PBXBuildFile; fileRef = 198C3C9B27C91C3F0043D768 /* MainCoordinator.swift */; };
		198C3CA027C91C760043D768 /* BaseCoordinatorProtocol.swift in Sources */ = {isa = PBXBuildFile; fileRef = 198C3C9F27C91C760043D768 /* BaseCoordinatorProtocol.swift */; };
		198C3CA427C922F40043D768 /* WelcomeViewController.swift in Sources */ = {isa = PBXBuildFile; fileRef = 198C3CA227C922F40043D768 /* WelcomeViewController.swift */; };
		198C3CA527C922F40043D768 /* WelcomeViewController.xib in Resources */ = {isa = PBXBuildFile; fileRef = 198C3CA327C922F40043D768 /* WelcomeViewController.xib */; };
		19ACA1B827CBDEA9007FDAFA /* SquadCellViewModel.swift in Sources */ = {isa = PBXBuildFile; fileRef = 19ACA1B727CBDEA9007FDAFA /* SquadCellViewModel.swift */; };
		19ACA1BC27CC0327007FDAFA /* UIImage+Resources.swift in Sources */ = {isa = PBXBuildFile; fileRef = 19ACA1BB27CC0327007FDAFA /* UIImage+Resources.swift */; };
		19AE5E0A27C938D700CB81C1 /* HomeViewController.swift in Sources */ = {isa = PBXBuildFile; fileRef = 19AE5E0827C938D700CB81C1 /* HomeViewController.swift */; };
		19AE5E0B27C938D700CB81C1 /* HomeViewController.xib in Resources */ = {isa = PBXBuildFile; fileRef = 19AE5E0927C938D700CB81C1 /* HomeViewController.xib */; };
		19AE5E1227C9442400CB81C1 /* HeaderView.swift in Sources */ = {isa = PBXBuildFile; fileRef = 19AE5E1127C9442400CB81C1 /* HeaderView.swift */; };
		19AE5E1627C9444300CB81C1 /* HeaderView.xib in Resources */ = {isa = PBXBuildFile; fileRef = 19AE5E1527C9444300CB81C1 /* HeaderView.xib */; };
		19AE5E1B27CA101300CB81C1 /* Champions-Bold.ttf in Resources */ = {isa = PBXBuildFile; fileRef = 19AE5E1A27CA101300CB81C1 /* Champions-Bold.ttf */; };
		19AE5E1E27CA12C900CB81C1 /* SF-Pro.ttf in Resources */ = {isa = PBXBuildFile; fileRef = 19AE5E1D27CA12C900CB81C1 /* SF-Pro.ttf */; };
		19AE5E2127CA775C00CB81C1 /* TabsView.xib in Resources */ = {isa = PBXBuildFile; fileRef = 19AE5E2027CA775C00CB81C1 /* TabsView.xib */; };
		19AE5E2427CA777600CB81C1 /* TabsView.swift in Sources */ = {isa = PBXBuildFile; fileRef = 19AE5E2327CA777600CB81C1 /* TabsView.swift */; };
		19AE5E2727CB79E000CB81C1 /* SquadTableViewHeader.xib in Resources */ = {isa = PBXBuildFile; fileRef = 19AE5E2627CB79E000CB81C1 /* SquadTableViewHeader.xib */; };
		19AE5E2A27CB79ED00CB81C1 /* SquadTableViewHeader.swift in Sources */ = {isa = PBXBuildFile; fileRef = 19AE5E2927CB79ED00CB81C1 /* SquadTableViewHeader.swift */; };
		19AE5E2D27CB7A6D00CB81C1 /* SF-Pro-Display-Medium.otf in Resources */ = {isa = PBXBuildFile; fileRef = 19AE5E2C27CB7A6D00CB81C1 /* SF-Pro-Display-Medium.otf */; };
		19AE5E3527CB7B6800CB81C1 /* SquadTableViewCell.swift in Sources */ = {isa = PBXBuildFile; fileRef = 19AE5E3327CB7B6800CB81C1 /* SquadTableViewCell.swift */; };
		19AE5E3627CB7B6800CB81C1 /* SquadTableViewCell.xib in Resources */ = {isa = PBXBuildFile; fileRef = 19AE5E3427CB7B6800CB81C1 /* SquadTableViewCell.xib */; };
		19AE5E3927CB999000CB81C1 /* HomeViewModel.swift in Sources */ = {isa = PBXBuildFile; fileRef = 19AE5E3827CB999000CB81C1 /* HomeViewModel.swift */; };
		19AE5E3C27CB9A2400CB81C1 /* Player.swift in Sources */ = {isa = PBXBuildFile; fileRef = 19AE5E3B27CB9A2400CB81C1 /* Player.swift */; };
		19AE5E3F27CB9B8600CB81C1 /* DataService.swift in Sources */ = {isa = PBXBuildFile; fileRef = 19AE5E3E27CB9B8600CB81C1 /* DataService.swift */; };
/* End PBXBuildFile section */

/* Begin PBXFileReference section */
		192F42C327CBA8BB00DC06C3 /* RootCoordinator.swift */ = {isa = PBXFileReference; lastKnownFileType = sourcecode.swift; path = RootCoordinator.swift; sourceTree = "<group>"; };
		192F42C627CBC5E900DC06C3 /* Consts.swift */ = {isa = PBXFileReference; lastKnownFileType = sourcecode.swift; path = Consts.swift; sourceTree = "<group>"; };
		198C3C7D27C9150D0043D768 /* UEFA.app */ = {isa = PBXFileReference; explicitFileType = wrapper.application; includeInIndex = 0; path = UEFA.app; sourceTree = BUILT_PRODUCTS_DIR; };
		198C3C8027C9150D0043D768 /* AppDelegate.swift */ = {isa = PBXFileReference; lastKnownFileType = sourcecode.swift; path = AppDelegate.swift; sourceTree = "<group>"; };
		198C3C8727C9150D0043D768 /* Base */ = {isa = PBXFileReference; lastKnownFileType = file.storyboard; name = Base; path = Base.lproj/Main.storyboard; sourceTree = "<group>"; };
		198C3C8927C9150E0043D768 /* Assets.xcassets */ = {isa = PBXFileReference; lastKnownFileType = folder.assetcatalog; path = Assets.xcassets; sourceTree = "<group>"; };
		198C3C8C27C9150E0043D768 /* Base */ = {isa = PBXFileReference; lastKnownFileType = file.storyboard; name = Base; path = Base.lproj/LaunchScreen.storyboard; sourceTree = "<group>"; };
		198C3C8E27C9150E0043D768 /* Info.plist */ = {isa = PBXFileReference; lastKnownFileType = text.plist.xml; path = Info.plist; sourceTree = "<group>"; };
		198C3C9B27C91C3F0043D768 /* MainCoordinator.swift */ = {isa = PBXFileReference; lastKnownFileType = sourcecode.swift; path = MainCoordinator.swift; sourceTree = "<group>"; };
		198C3C9F27C91C760043D768 /* BaseCoordinatorProtocol.swift */ = {isa = PBXFileReference; lastKnownFileType = sourcecode.swift; path = BaseCoordinatorProtocol.swift; sourceTree = "<group>"; };
		198C3CA227C922F40043D768 /* WelcomeViewController.swift */ = {isa = PBXFileReference; lastKnownFileType = sourcecode.swift; path = WelcomeViewController.swift; sourceTree = "<group>"; };
		198C3CA327C922F40043D768 /* WelcomeViewController.xib */ = {isa = PBXFileReference; lastKnownFileType = file.xib; path = WelcomeViewController.xib; sourceTree = "<group>"; };
		19ACA1B727CBDEA9007FDAFA /* SquadCellViewModel.swift */ = {isa = PBXFileReference; lastKnownFileType = sourcecode.swift; path = SquadCellViewModel.swift; sourceTree = "<group>"; };
		19ACA1BB27CC0327007FDAFA /* UIImage+Resources.swift */ = {isa = PBXFileReference; lastKnownFileType = sourcecode.swift; path = "UIImage+Resources.swift"; sourceTree = "<group>"; };
		19AE5E0827C938D700CB81C1 /* HomeViewController.swift */ = {isa = PBXFileReference; lastKnownFileType = sourcecode.swift; path = HomeViewController.swift; sourceTree = "<group>"; };
		19AE5E0927C938D700CB81C1 /* HomeViewController.xib */ = {isa = PBXFileReference; lastKnownFileType = file.xib; path = HomeViewController.xib; sourceTree = "<group>"; };
		19AE5E1127C9442400CB81C1 /* HeaderView.swift */ = {isa = PBXFileReference; lastKnownFileType = sourcecode.swift; path = HeaderView.swift; sourceTree = "<group>"; };
		19AE5E1527C9444300CB81C1 /* HeaderView.xib */ = {isa = PBXFileReference; lastKnownFileType = file.xib; path = HeaderView.xib; sourceTree = "<group>"; };
		19AE5E1A27CA101300CB81C1 /* Champions-Bold.ttf */ = {isa = PBXFileReference; lastKnownFileType = file; path = "Champions-Bold.ttf"; sourceTree = "<group>"; };
		19AE5E1D27CA12C900CB81C1 /* SF-Pro.ttf */ = {isa = PBXFileReference; lastKnownFileType = file; path = "SF-Pro.ttf"; sourceTree = "<group>"; };
		19AE5E2027CA775C00CB81C1 /* TabsView.xib */ = {isa = PBXFileReference; lastKnownFileType = file.xib; path = TabsView.xib; sourceTree = "<group>"; };
		19AE5E2327CA777600CB81C1 /* TabsView.swift */ = {isa = PBXFileReference; lastKnownFileType = sourcecode.swift; path = TabsView.swift; sourceTree = "<group>"; };
		19AE5E2627CB79E000CB81C1 /* SquadTableViewHeader.xib */ = {isa = PBXFileReference; lastKnownFileType = file.xib; path = SquadTableViewHeader.xib; sourceTree = "<group>"; };
		19AE5E2927CB79ED00CB81C1 /* SquadTableViewHeader.swift */ = {isa = PBXFileReference; lastKnownFileType = sourcecode.swift; path = SquadTableViewHeader.swift; sourceTree = "<group>"; };
		19AE5E2C27CB7A6D00CB81C1 /* SF-Pro-Display-Medium.otf */ = {isa = PBXFileReference; lastKnownFileType = file; path = "SF-Pro-Display-Medium.otf"; sourceTree = "<group>"; };
		19AE5E3327CB7B6800CB81C1 /* SquadTableViewCell.swift */ = {isa = PBXFileReference; lastKnownFileType = sourcecode.swift; path = SquadTableViewCell.swift; sourceTree = "<group>"; };
		19AE5E3427CB7B6800CB81C1 /* SquadTableViewCell.xib */ = {isa = PBXFileReference; lastKnownFileType = file.xib; path = SquadTableViewCell.xib; sourceTree = "<group>"; };
		19AE5E3827CB999000CB81C1 /* HomeViewModel.swift */ = {isa = PBXFileReference; lastKnownFileType = sourcecode.swift; path = HomeViewModel.swift; sourceTree = "<group>"; };
		19AE5E3B27CB9A2400CB81C1 /* Player.swift */ = {isa = PBXFileReference; lastKnownFileType = sourcecode.swift; path = Player.swift; sourceTree = "<group>"; };
		19AE5E3E27CB9B8600CB81C1 /* DataService.swift */ = {isa = PBXFileReference; lastKnownFileType = sourcecode.swift; path = DataService.swift; sourceTree = "<group>"; };
/* End PBXFileReference section */

/* Begin PBXFrameworksBuildPhase section */
		198C3C7A27C9150D0043D768 /* Frameworks */ = {
			isa = PBXFrameworksBuildPhase;
			buildActionMask = 2147483647;
			files = (
			);
			runOnlyForDeploymentPostprocessing = 0;
		};
/* End PBXFrameworksBuildPhase section */

/* Begin PBXGroup section */
		192F42C927CBC5EE00DC06C3 /* Consts */ = {
			isa = PBXGroup;
			children = (
				192F42C627CBC5E900DC06C3 /* Consts.swift */,
			);
			path = Consts;
			sourceTree = "<group>";
		};
		198C3C7427C9150D0043D768 = {
			isa = PBXGroup;
			children = (
				198C3C7F27C9150D0043D768 /* UEFA */,
				198C3C7E27C9150D0043D768 /* Products */,
			);
			sourceTree = "<group>";
		};
		198C3C7E27C9150D0043D768 /* Products */ = {
			isa = PBXGroup;
			children = (
				198C3C7D27C9150D0043D768 /* UEFA.app */,
			);
			name = Products;
			sourceTree = "<group>";
		};
		198C3C7F27C9150D0043D768 /* UEFA */ = {
			isa = PBXGroup;
			children = (
				19ACA1BA27CC0317007FDAFA /* Extensions */,
				192F42C927CBC5EE00DC06C3 /* Consts */,
				19AE5E4227CB9B9900CB81C1 /* Services */,
				198C3C9A27C91C230043D768 /* Coordinators */,
				198C3C9927C91B7B0043D768 /* View */,
				198C3C9827C91B750043D768 /* ViewModel */,
				198C3C9727C91B690043D768 /* Model */,
				198C3C8027C9150D0043D768 /* AppDelegate.swift */,
				198C3C8927C9150E0043D768 /* Assets.xcassets */,
				198C3C8E27C9150E0043D768 /* Info.plist */,
				19AE5E1927CA100100CB81C1 /* fonts */,
			);
			path = UEFA;
			sourceTree = "<group>";
		};
		198C3C9727C91B690043D768 /* Model */ = {
			isa = PBXGroup;
			children = (
				19AE5E3B27CB9A2400CB81C1 /* Player.swift */,
			);
			path = Model;
			sourceTree = "<group>";
		};
		198C3C9827C91B750043D768 /* ViewModel */ = {
			isa = PBXGroup;
			children = (
				19AE5E3827CB999000CB81C1 /* HomeViewModel.swift */,
				19ACA1B727CBDEA9007FDAFA /* SquadCellViewModel.swift */,
			);
			path = ViewModel;
			sourceTree = "<group>";
		};
		198C3C9927C91B7B0043D768 /* View */ = {
			isa = PBXGroup;
			children = (
				19AE5E0727C938C600CB81C1 /* HomeScreen */,
				198C3CA727C923040043D768 /* WelcomeScreen */,
				198C3C8627C9150D0043D768 /* Main.storyboard */,
				198C3C8B27C9150E0043D768 /* LaunchScreen.storyboard */,
			);
			path = View;
			sourceTree = "<group>";
		};
		198C3C9A27C91C230043D768 /* Coordinators */ = {
			isa = PBXGroup;
			children = (
				198C3C9B27C91C3F0043D768 /* MainCoordinator.swift */,
				198C3C9F27C91C760043D768 /* BaseCoordinatorProtocol.swift */,
				192F42C327CBA8BB00DC06C3 /* RootCoordinator.swift */,
			);
			path = Coordinators;
			sourceTree = "<group>";
		};
		198C3CA727C923040043D768 /* WelcomeScreen */ = {
			isa = PBXGroup;
			children = (
				198C3CA227C922F40043D768 /* WelcomeViewController.swift */,
				198C3CA327C922F40043D768 /* WelcomeViewController.xib */,
			);
			path = WelcomeScreen;
			sourceTree = "<group>";
		};
		19ACA1BA27CC0317007FDAFA /* Extensions */ = {
			isa = PBXGroup;
			children = (
				19ACA1BB27CC0327007FDAFA /* UIImage+Resources.swift */,
			);
			path = Extensions;
			sourceTree = "<group>";
		};
		19AE5E0727C938C600CB81C1 /* HomeScreen */ = {
			isa = PBXGroup;
			children = (
				19AE5E0827C938D700CB81C1 /* HomeViewController.swift */,
				19AE5E0927C938D700CB81C1 /* HomeViewController.xib */,
				19AE5E1127C9442400CB81C1 /* HeaderView.swift */,
				19AE5E1527C9444300CB81C1 /* HeaderView.xib */,
				19AE5E2027CA775C00CB81C1 /* TabsView.xib */,
				19AE5E2327CA777600CB81C1 /* TabsView.swift */,
				19AE5E2627CB79E000CB81C1 /* SquadTableViewHeader.xib */,
				19AE5E2927CB79ED00CB81C1 /* SquadTableViewHeader.swift */,
				19AE5E3327CB7B6800CB81C1 /* SquadTableViewCell.swift */,
				19AE5E3427CB7B6800CB81C1 /* SquadTableViewCell.xib */,
			);
			path = HomeScreen;
			sourceTree = "<group>";
		};
		19AE5E1927CA100100CB81C1 /* fonts */ = {
			isa = PBXGroup;
			children = (
				19AE5E2C27CB7A6D00CB81C1 /* SF-Pro-Display-Medium.otf */,
				19AE5E1D27CA12C900CB81C1 /* SF-Pro.ttf */,
				19AE5E1A27CA101300CB81C1 /* Champions-Bold.ttf */,
			);
			path = fonts;
			sourceTree = "<group>";
		};
		19AE5E4227CB9B9900CB81C1 /* Services */ = {
			isa = PBXGroup;
			children = (
				19AE5E3E27CB9B8600CB81C1 /* DataService.swift */,
			);
			path = Services;
			sourceTree = "<group>";
		};
/* End PBXGroup section */

/* Begin PBXNativeTarget section */
		198C3C7C27C9150D0043D768 /* UEFA */ = {
			isa = PBXNativeTarget;
			buildConfigurationList = 198C3C9127C9150E0043D768 /* Build configuration list for PBXNativeTarget "UEFA" */;
			buildPhases = (
				198C3C7927C9150D0043D768 /* Sources */,
				198C3C7A27C9150D0043D768 /* Frameworks */,
				198C3C7B27C9150D0043D768 /* Resources */,
			);
			buildRules = (
			);
			dependencies = (
			);
			name = UEFA;
			productName = UEFA;
			productReference = 198C3C7D27C9150D0043D768 /* UEFA.app */;
			productType = "com.apple.product-type.application";
		};
/* End PBXNativeTarget section */

/* Begin PBXProject section */
		198C3C7527C9150D0043D768 /* Project object */ = {
			isa = PBXProject;
			attributes = {
				LastSwiftUpdateCheck = 1240;
				LastUpgradeCheck = 1240;
				TargetAttributes = {
					198C3C7C27C9150D0043D768 = {
						CreatedOnToolsVersion = 12.4;
					};
				};
			};
			buildConfigurationList = 198C3C7827C9150D0043D768 /* Build configuration list for PBXProject "UEFA" */;
			compatibilityVersion = "Xcode 9.3";
			developmentRegion = en;
			hasScannedForEncodings = 0;
			knownRegions = (
				en,
				Base,
			);
			mainGroup = 198C3C7427C9150D0043D768;
			productRefGroup = 198C3C7E27C9150D0043D768 /* Products */;
			projectDirPath = "";
			projectRoot = "";
			targets = (
				198C3C7C27C9150D0043D768 /* UEFA */,
			);
		};
/* End PBXProject section */

/* Begin PBXResourcesBuildPhase section */
		198C3C7B27C9150D0043D768 /* Resources */ = {
			isa = PBXResourcesBuildPhase;
			buildActionMask = 2147483647;
			files = (
				19AE5E3627CB7B6800CB81C1 /* SquadTableViewCell.xib in Resources */,
				198C3C8D27C9150E0043D768 /* LaunchScreen.storyboard in Resources */,
				198C3CA527C922F40043D768 /* WelcomeViewController.xib in Resources */,
				19AE5E0B27C938D700CB81C1 /* HomeViewController.xib in Resources */,
				19AE5E2727CB79E000CB81C1 /* SquadTableViewHeader.xib in Resources */,
				19AE5E2127CA775C00CB81C1 /* TabsView.xib in Resources */,
				19AE5E1B27CA101300CB81C1 /* Champions-Bold.ttf in Resources */,
				19AE5E2D27CB7A6D00CB81C1 /* SF-Pro-Display-Medium.otf in Resources */,
				19AE5E1627C9444300CB81C1 /* HeaderView.xib in Resources */,
				19AE5E1E27CA12C900CB81C1 /* SF-Pro.ttf in Resources */,
				198C3C8A27C9150E0043D768 /* Assets.xcassets in Resources */,
				198C3C8827C9150D0043D768 /* Main.storyboard in Resources */,
			);
			runOnlyForDeploymentPostprocessing = 0;
		};
/* End PBXResourcesBuildPhase section */

/* Begin PBXSourcesBuildPhase section */
		198C3C7927C9150D0043D768 /* Sources */ = {
			isa = PBXSourcesBuildPhase;
			buildActionMask = 2147483647;
			files = (
				19AE5E3C27CB9A2400CB81C1 /* Player.swift in Sources */,
				19AE5E0A27C938D700CB81C1 /* HomeViewController.swift in Sources */,
				19AE5E2427CA777600CB81C1 /* TabsView.swift in Sources */,
				19AE5E3F27CB9B8600CB81C1 /* DataService.swift in Sources */,
				19AE5E1227C9442400CB81C1 /* HeaderView.swift in Sources */,
				19AE5E3927CB999000CB81C1 /* HomeViewModel.swift in Sources */,
				19AE5E3527CB7B6800CB81C1 /* SquadTableViewCell.swift in Sources */,
				198C3C8127C9150D0043D768 /* AppDelegate.swift in Sources */,
				198C3CA427C922F40043D768 /* WelcomeViewController.swift in Sources */,
				19ACA1BC27CC0327007FDAFA /* UIImage+Resources.swift in Sources */,
				198C3C9C27C91C3F0043D768 /* MainCoordinator.swift in Sources */,
				19ACA1B827CBDEA9007FDAFA /* SquadCellViewModel.swift in Sources */,
				192F42C427CBA8BB00DC06C3 /* RootCoordinator.swift in Sources */,
				192F42C727CBC5E900DC06C3 /* Consts.swift in Sources */,
				198C3CA027C91C760043D768 /* BaseCoordinatorProtocol.swift in Sources */,
				19AE5E2A27CB79ED00CB81C1 /* SquadTableViewHeader.swift in Sources */,
			);
			runOnlyForDeploymentPostprocessing = 0;
		};
/* End PBXSourcesBuildPhase section */

/* Begin PBXVariantGroup section */
		198C3C8627C9150D0043D768 /* Main.storyboard */ = {
			isa = PBXVariantGroup;
			children = (
				198C3C8727C9150D0043D768 /* Base */,
			);
			name = Main.storyboard;
			sourceTree = "<group>";
		};
		198C3C8B27C9150E0043D768 /* LaunchScreen.storyboard */ = {
			isa = PBXVariantGroup;
			children = (
				198C3C8C27C9150E0043D768 /* Base */,
			);
			name = LaunchScreen.storyboard;
			sourceTree = "<group>";
		};
/* End PBXVariantGroup section */

/* Begin XCBuildConfiguration section */
		198C3C8F27C9150E0043D768 /* Debug */ = {
			isa = XCBuildConfiguration;
			buildSettings = {
				ALWAYS_SEARCH_USER_PATHS = NO;
				CLANG_ANALYZER_NONNULL = YES;
				CLANG_ANALYZER_NUMBER_OBJECT_CONVERSION = YES_AGGRESSIVE;
				CLANG_CXX_LANGUAGE_STANDARD = "gnu++14";
				CLANG_CXX_LIBRARY = "libc++";
				CLANG_ENABLE_MODULES = YES;
				CLANG_ENABLE_OBJC_ARC = YES;
				CLANG_ENABLE_OBJC_WEAK = YES;
				CLANG_WARN_BLOCK_CAPTURE_AUTORELEASING = YES;
				CLANG_WARN_BOOL_CONVERSION = YES;
				CLANG_WARN_COMMA = YES;
				CLANG_WARN_CONSTANT_CONVERSION = YES;
				CLANG_WARN_DEPRECATED_OBJC_IMPLEMENTATIONS = YES;
				CLANG_WARN_DIRECT_OBJC_ISA_USAGE = YES_ERROR;
				CLANG_WARN_DOCUMENTATION_COMMENTS = YES;
				CLANG_WARN_EMPTY_BODY = YES;
				CLANG_WARN_ENUM_CONVERSION = YES;
				CLANG_WARN_INFINITE_RECURSION = YES;
				CLANG_WARN_INT_CONVERSION = YES;
				CLANG_WARN_NON_LITERAL_NULL_CONVERSION = YES;
				CLANG_WARN_OBJC_IMPLICIT_RETAIN_SELF = YES;
				CLANG_WARN_OBJC_LITERAL_CONVERSION = YES;
				CLANG_WARN_OBJC_ROOT_CLASS = YES_ERROR;
				CLANG_WARN_QUOTED_INCLUDE_IN_FRAMEWORK_HEADER = YES;
				CLANG_WARN_RANGE_LOOP_ANALYSIS = YES;
				CLANG_WARN_STRICT_PROTOTYPES = YES;
				CLANG_WARN_SUSPICIOUS_MOVE = YES;
				CLANG_WARN_UNGUARDED_AVAILABILITY = YES_AGGRESSIVE;
				CLANG_WARN_UNREACHABLE_CODE = YES;
				CLANG_WARN__DUPLICATE_METHOD_MATCH = YES;
				COPY_PHASE_STRIP = NO;
				DEBUG_INFORMATION_FORMAT = dwarf;
				ENABLE_STRICT_OBJC_MSGSEND = YES;
				ENABLE_TESTABILITY = YES;
				GCC_C_LANGUAGE_STANDARD = gnu11;
				GCC_DYNAMIC_NO_PIC = NO;
				GCC_NO_COMMON_BLOCKS = YES;
				GCC_OPTIMIZATION_LEVEL = 0;
				GCC_PREPROCESSOR_DEFINITIONS = (
					"DEBUG=1",
					"$(inherited)",
				);
				GCC_WARN_64_TO_32_BIT_CONVERSION = YES;
				GCC_WARN_ABOUT_RETURN_TYPE = YES_ERROR;
				GCC_WARN_UNDECLARED_SELECTOR = YES;
				GCC_WARN_UNINITIALIZED_AUTOS = YES_AGGRESSIVE;
				GCC_WARN_UNUSED_FUNCTION = YES;
				GCC_WARN_UNUSED_VARIABLE = YES;
				IPHONEOS_DEPLOYMENT_TARGET = 14.4;
				MTL_ENABLE_DEBUG_INFO = INCLUDE_SOURCE;
				MTL_FAST_MATH = YES;
				ONLY_ACTIVE_ARCH = YES;
				SDKROOT = iphoneos;
				SWIFT_ACTIVE_COMPILATION_CONDITIONS = DEBUG;
				SWIFT_OPTIMIZATION_LEVEL = "-Onone";
			};
			name = Debug;
		};
		198C3C9027C9150E0043D768 /* Release */ = {
			isa = XCBuildConfiguration;
			buildSettings = {
				ALWAYS_SEARCH_USER_PATHS = NO;
				CLANG_ANALYZER_NONNULL = YES;
				CLANG_ANALYZER_NUMBER_OBJECT_CONVERSION = YES_AGGRESSIVE;
				CLANG_CXX_LANGUAGE_STANDARD = "gnu++14";
				CLANG_CXX_LIBRARY = "libc++";
				CLANG_ENABLE_MODULES = YES;
				CLANG_ENABLE_OBJC_ARC = YES;
				CLANG_ENABLE_OBJC_WEAK = YES;
				CLANG_WARN_BLOCK_CAPTURE_AUTORELEASING = YES;
				CLANG_WARN_BOOL_CONVERSION = YES;
				CLANG_WARN_COMMA = YES;
				CLANG_WARN_CONSTANT_CONVERSION = YES;
				CLANG_WARN_DEPRECATED_OBJC_IMPLEMENTATIONS = YES;
				CLANG_WARN_DIRECT_OBJC_ISA_USAGE = YES_ERROR;
				CLANG_WARN_DOCUMENTATION_COMMENTS = YES;
				CLANG_WARN_EMPTY_BODY = YES;
				CLANG_WARN_ENUM_CONVERSION = YES;
				CLANG_WARN_INFINITE_RECURSION = YES;
				CLANG_WARN_INT_CONVERSION = YES;
				CLANG_WARN_NON_LITERAL_NULL_CONVERSION = YES;
				CLANG_WARN_OBJC_IMPLICIT_RETAIN_SELF = YES;
				CLANG_WARN_OBJC_LITERAL_CONVERSION = YES;
				CLANG_WARN_OBJC_ROOT_CLASS = YES_ERROR;
				CLANG_WARN_QUOTED_INCLUDE_IN_FRAMEWORK_HEADER = YES;
				CLANG_WARN_RANGE_LOOP_ANALYSIS = YES;
				CLANG_WARN_STRICT_PROTOTYPES = YES;
				CLANG_WARN_SUSPICIOUS_MOVE = YES;
				CLANG_WARN_UNGUARDED_AVAILABILITY = YES_AGGRESSIVE;
				CLANG_WARN_UNREACHABLE_CODE = YES;
				CLANG_WARN__DUPLICATE_METHOD_MATCH = YES;
				COPY_PHASE_STRIP = NO;
				DEBUG_INFORMATION_FORMAT = "dwarf-with-dsym";
				ENABLE_NS_ASSERTIONS = NO;
				ENABLE_STRICT_OBJC_MSGSEND = YES;
				GCC_C_LANGUAGE_STANDARD = gnu11;
				GCC_NO_COMMON_BLOCKS = YES;
				GCC_WARN_64_TO_32_BIT_CONVERSION = YES;
				GCC_WARN_ABOUT_RETURN_TYPE = YES_ERROR;
				GCC_WARN_UNDECLARED_SELECTOR = YES;
				GCC_WARN_UNINITIALIZED_AUTOS = YES_AGGRESSIVE;
				GCC_WARN_UNUSED_FUNCTION = YES;
				GCC_WARN_UNUSED_VARIABLE = YES;
				IPHONEOS_DEPLOYMENT_TARGET = 14.4;
				MTL_ENABLE_DEBUG_INFO = NO;
				MTL_FAST_MATH = YES;
				SDKROOT = iphoneos;
				SWIFT_COMPILATION_MODE = wholemodule;
				SWIFT_OPTIMIZATION_LEVEL = "-O";
				VALIDATE_PRODUCT = YES;
			};
			name = Release;
		};
		198C3C9227C9150E0043D768 /* Debug */ = {
			isa = XCBuildConfiguration;
			buildSettings = {
				ASSETCATALOG_COMPILER_APPICON_NAME = AppIcon;
				ASSETCATALOG_COMPILER_GLOBAL_ACCENT_COLOR_NAME = AccentColor;
				CODE_SIGN_STYLE = Automatic;
				DEVELOPMENT_TEAM = U88JX9832V;
				INFOPLIST_FILE = UEFA/Info.plist;
				LD_RUNPATH_SEARCH_PATHS = (
					"$(inherited)",
					"@executable_path/Frameworks",
				);
				PRODUCT_BUNDLE_IDENTIFIER = com.practice.UEFA;
				PRODUCT_NAME = "$(TARGET_NAME)";
				SWIFT_VERSION = 5.0;
				TARGETED_DEVICE_FAMILY = "1,2";
			};
			name = Debug;
		};
		198C3C9327C9150E0043D768 /* Release */ = {
			isa = XCBuildConfiguration;
			buildSettings = {
				ASSETCATALOG_COMPILER_APPICON_NAME = AppIcon;
				ASSETCATALOG_COMPILER_GLOBAL_ACCENT_COLOR_NAME = AccentColor;
				CODE_SIGN_STYLE = Automatic;
				DEVELOPMENT_TEAM = U88JX9832V;
				INFOPLIST_FILE = UEFA/Info.plist;
				LD_RUNPATH_SEARCH_PATHS = (
					"$(inherited)",
					"@executable_path/Frameworks",
				);
				PRODUCT_BUNDLE_IDENTIFIER = com.practice.UEFA;
				PRODUCT_NAME = "$(TARGET_NAME)";
				SWIFT_VERSION = 5.0;
				TARGETED_DEVICE_FAMILY = "1,2";
			};
			name = Release;
		};
/* End XCBuildConfiguration section */

/* Begin XCConfigurationList section */
		198C3C7827C9150D0043D768 /* Build configuration list for PBXProject "UEFA" */ = {
			isa = XCConfigurationList;
			buildConfigurations = (
				198C3C8F27C9150E0043D768 /* Debug */,
				198C3C9027C9150E0043D768 /* Release */,
			);
			defaultConfigurationIsVisible = 0;
			defaultConfigurationName = Release;
		};
		198C3C9127C9150E0043D768 /* Build configuration list for PBXNativeTarget "UEFA" */ = {
			isa = XCConfigurationList;
			buildConfigurations = (
				198C3C9227C9150E0043D768 /* Debug */,
				198C3C9327C9150E0043D768 /* Release */,
			);
			defaultConfigurationIsVisible = 0;
			defaultConfigurationName = Release;
		};
/* End XCConfigurationList section */
	};
	rootObject = 198C3C7527C9150D0043D768 /* Project object */;
}
